
Microsoft Visual Studio Solution File, Format Version 12.00
# Visual Studio Version 17
VisualStudioVersion = 17.5.002.0
MinimumVisualStudioVersion = 10.0.40219.1
Project("{9A19103F-16F7-4668-BE54-9A1E7A4F7556}") = "PicPay.Infraestrutura", "PicPay.Infraestrutura.csproj", "{9A209944-7E77-4208-8947-4DF2F90F4FE6}"
EndProject
Global
	GlobalSection(SolutionConfigurationPlatforms) = preSolution
		Debug|Any CPU = Debug|Any CPU
		Release|Any CPU = Release|Any CPU
	EndGlobalSection
	GlobalSection(ProjectConfigurationPlatforms) = postSolution
		{9A209944-7E77-4208-8947-4DF2F90F4FE6}.Debug|Any CPU.ActiveCfg = Debug|Any CPU
		{9A209944-7E77-4208-8947-4DF2F90F4FE6}.Debug|Any CPU.Build.0 = Debug|Any CPU
		{9A209944-7E77-4208-8947-4DF2F90F4FE6}.Release|Any CPU.ActiveCfg = Release|Any CPU
		{9A209944-7E77-4208-8947-4DF2F90F4FE6}.Release|Any CPU.Build.0 = Release|Any CPU
	EndGlobalSection
	GlobalSection(SolutionProperties) = preSolution
		HideSolutionNode = FALSE
	EndGlobalSection
	GlobalSection(ExtensibilityGlobals) = postSolution
		SolutionGuid = {B7DDD825-D598-43AF-8E4C-6E874CFE71B2}
	EndGlobalSection
EndGlobal
